
Microsoft Visual Studio Solution File, Format Version 12.00
# Visual Studio Version 16
VisualStudioVersion = 16.0.810.9
MinimumVisualStudioVersion = 10.0.40219.1
Project("{FAE04EC0-301F-11D3-BF4B-00C04F79EFBC}") = "KooliProjekt", "KooliProjekt.csproj", "{32194BFC-3D43-45C2-8EEB-681D9FC9B898}"
EndProject
Project("{2150E333-8FDC-42A3-9474-1A3956D46DE8}") = "Solution Items", "Solution Items", "{60C4EE3F-7543-4E00-9ADB-9F563237C224}"
ProjectSection(SolutionItems) = preProject
	README.md = README.md
EndProjectSection
EndProject
Global
	GlobalSection(SolutionConfigurationPlatforms) = preSolution
		Debug|Any CPU = Debug|Any CPU
		Release|Any CPU = Release|Any CPU
	EndGlobalSection
	GlobalSection(ProjectConfigurationPlatforms) = postSolution
		{32194BFC-3D43-45C2-8EEB-681D9FC9B898}.Debug|Any CPU.ActiveCfg = Debug|Any CPU
		{32194BFC-3D43-45C2-8EEB-681D9FC9B898}.Debug|Any CPU.Build.0 = Debug|Any CPU
		{32194BFC-3D43-45C2-8EEB-681D9FC9B898}.Release|Any CPU.ActiveCfg = Release|Any CPU
		{32194BFC-3D43-45C2-8EEB-681D9FC9B898}.Release|Any CPU.Build.0 = Release|Any CPU
	EndGlobalSection
	GlobalSection(SolutionProperties) = preSolution
		HideSolutionNode = FALSE
	EndGlobalSection
	GlobalSection(ExtensibilityGlobals) = postSolution
		SolutionGuid = {6E2E48AB-D5BB-4557-8470-0BAE5F7A4CDB}
	EndGlobalSection
EndGlobal
